
Microsoft Visual Studio Solution File, Format Version 12.00
# Visual Studio 14
VisualStudioVersion = 14.0.24720.0
MinimumVisualStudioVersion = 10.0.40219.1
Project("{2150E333-8FDC-42A3-9474-1A3956D46DE8}") = ".paket", ".paket", "{04D59F5D-1BDE-4F50-800E-33928523E841}"
	ProjectSection(SolutionItems) = preProject
		paket.dependencies = paket.dependencies
	EndProjectSection
EndProject
Project("{FAE04EC0-301F-11D3-BF4B-00C04F79EFBC}") = "AkkaPrismUnityDemo", "AkkaPrismUnityDemo\AkkaPrismUnityDemo.csproj", "{C5794F38-78AD-47EB-83C6-FB797E605882}"
EndProject
Project("{FAE04EC0-301F-11D3-BF4B-00C04F79EFBC}") = "AkkaPrismUnityDemo.Infrastructure", "AkkaPrismUnityDemo.Infrastructure\AkkaPrismUnityDemo.Infrastructure.csproj", "{C0875E96-4C32-491D-AA02-6739B117E8E7}"
EndProject
Project("{FAE04EC0-301F-11D3-BF4B-00C04F79EFBC}") = "AkkaPrismUnityDemo.Modules.Stocks", "AkkaPrismUnityDemo.Modules.Stocks\AkkaPrismUnityDemo.Modules.Stocks.csproj", "{3CA1BF49-2293-4ACD-A2EB-25B31BC21101}"
EndProject
Project("{FAE04EC0-301F-11D3-BF4B-00C04F79EFBC}") = "Akka.DI.Unity", "Akka.DI.Unity\Akka.DI.Unity.csproj", "{8DFF2C14-2F9F-4A6E-B4C7-04AC587085F0}"
EndProject
Global
	GlobalSection(SolutionConfigurationPlatforms) = preSolution
		Debug|Any CPU = Debug|Any CPU
		Release|Any CPU = Release|Any CPU
	EndGlobalSection
	GlobalSection(ProjectConfigurationPlatforms) = postSolution
		{C5794F38-78AD-47EB-83C6-FB797E605882}.Debug|Any CPU.ActiveCfg = Debug|Any CPU
		{C5794F38-78AD-47EB-83C6-FB797E605882}.Debug|Any CPU.Build.0 = Debug|Any CPU
		{C5794F38-78AD-47EB-83C6-FB797E605882}.Release|Any CPU.ActiveCfg = Release|Any CPU
		{C5794F38-78AD-47EB-83C6-FB797E605882}.Release|Any CPU.Build.0 = Release|Any CPU
		{C0875E96-4C32-491D-AA02-6739B117E8E7}.Debug|Any CPU.ActiveCfg = Debug|Any CPU
		{C0875E96-4C32-491D-AA02-6739B117E8E7}.Debug|Any CPU.Build.0 = Debug|Any CPU
		{C0875E96-4C32-491D-AA02-6739B117E8E7}.Release|Any CPU.ActiveCfg = Release|Any CPU
		{C0875E96-4C32-491D-AA02-6739B117E8E7}.Release|Any CPU.Build.0 = Release|Any CPU
		{3CA1BF49-2293-4ACD-A2EB-25B31BC21101}.Debug|Any CPU.ActiveCfg = Debug|Any CPU
		{3CA1BF49-2293-4ACD-A2EB-25B31BC21101}.Debug|Any CPU.Build.0 = Debug|Any CPU
		{3CA1BF49-2293-4ACD-A2EB-25B31BC21101}.Release|Any CPU.ActiveCfg = Release|Any CPU
		{3CA1BF49-2293-4ACD-A2EB-25B31BC21101}.Release|Any CPU.Build.0 = Release|Any CPU
		{8DFF2C14-2F9F-4A6E-B4C7-04AC587085F0}.Debug|Any CPU.ActiveCfg = Debug|Any CPU
		{8DFF2C14-2F9F-4A6E-B4C7-04AC587085F0}.Debug|Any CPU.Build.0 = Debug|Any CPU
		{8DFF2C14-2F9F-4A6E-B4C7-04AC587085F0}.Release|Any CPU.ActiveCfg = Release|Any CPU
		{8DFF2C14-2F9F-4A6E-B4C7-04AC587085F0}.Release|Any CPU.Build.0 = Release|Any CPU
	EndGlobalSection
	GlobalSection(SolutionProperties) = preSolution
		HideSolutionNode = FALSE
	EndGlobalSection
EndGlobal
